
Microsoft Visual Studio Solution File, Format Version 12.00
# Visual Studio Version 17
VisualStudioVersion = 17.5.33516.290
MinimumVisualStudioVersion = 10.0.40219.1
Project("{9A19103F-16F7-4668-BE54-9A1E7A4F7556}") = "TCGCollectionKeeper", "TCGCollectionKeeper\TCGCollectionKeeper.csproj", "{B790CAF1-FAFF-4A5B-9DA3-C7238E6373A0}"
EndProject
Project("{FAE04EC0-301F-11D3-BF4B-00C04F79EFBC}") = "GameWindow", "..\GameWindow\GameWindow\GameWindow.csproj", "{A69CAF67-D92E-4A1D-92CA-7A67D69F5D31}"
EndProject
Global
	GlobalSection(SolutionConfigurationPlatforms) = preSolution
		Debug|Any CPU = Debug|Any CPU
		Debug|x64 = Debug|x64
		Debug|x86 = Debug|x86
		Release|Any CPU = Release|Any CPU
		Release|x64 = Release|x64
		Release|x86 = Release|x86
	EndGlobalSection
	GlobalSection(ProjectConfigurationPlatforms) = postSolution
		{B790CAF1-FAFF-4A5B-9DA3-C7238E6373A0}.Debug|Any CPU.ActiveCfg = Debug|Any CPU
		{B790CAF1-FAFF-4A5B-9DA3-C7238E6373A0}.Debug|Any CPU.Build.0 = Debug|Any CPU
		{B790CAF1-FAFF-4A5B-9DA3-C7238E6373A0}.Debug|x64.ActiveCfg = Debug|x64
		{B790CAF1-FAFF-4A5B-9DA3-C7238E6373A0}.Debug|x64.Build.0 = Debug|x64
		{B790CAF1-FAFF-4A5B-9DA3-C7238E6373A0}.Debug|x86.ActiveCfg = Debug|x86
		{B790CAF1-FAFF-4A5B-9DA3-C7238E6373A0}.Debug|x86.Build.0 = Debug|x86
		{B790CAF1-FAFF-4A5B-9DA3-C7238E6373A0}.Release|Any CPU.ActiveCfg = Release|Any CPU
		{B790CAF1-FAFF-4A5B-9DA3-C7238E6373A0}.Release|Any CPU.Build.0 = Release|Any CPU
		{B790CAF1-FAFF-4A5B-9DA3-C7238E6373A0}.Release|x64.ActiveCfg = Release|x64
		{B790CAF1-FAFF-4A5B-9DA3-C7238E6373A0}.Release|x64.Build.0 = Release|x64
		{B790CAF1-FAFF-4A5B-9DA3-C7238E6373A0}.Release|x86.ActiveCfg = Release|x86
		{B790CAF1-FAFF-4A5B-9DA3-C7238E6373A0}.Release|x86.Build.0 = Release|x86
		{A69CAF67-D92E-4A1D-92CA-7A67D69F5D31}.Debug|Any CPU.ActiveCfg = Debug|Any CPU
		{A69CAF67-D92E-4A1D-92CA-7A67D69F5D31}.Debug|Any CPU.Build.0 = Debug|Any CPU
		{A69CAF67-D92E-4A1D-92CA-7A67D69F5D31}.Debug|x64.ActiveCfg = Debug|Any CPU
		{A69CAF67-D92E-4A1D-92CA-7A67D69F5D31}.Debug|x64.Build.0 = Debug|Any CPU
		{A69CAF67-D92E-4A1D-92CA-7A67D69F5D31}.Debug|x86.ActiveCfg = Debug|Any CPU
		{A69CAF67-D92E-4A1D-92CA-7A67D69F5D31}.Debug|x86.Build.0 = Debug|Any CPU
		{A69CAF67-D92E-4A1D-92CA-7A67D69F5D31}.Release|Any CPU.ActiveCfg = Release|Any CPU
		{A69CAF67-D92E-4A1D-92CA-7A67D69F5D31}.Release|Any CPU.Build.0 = Release|Any CPU
		{A69CAF67-D92E-4A1D-92CA-7A67D69F5D31}.Release|x64.ActiveCfg = Release|Any CPU
		{A69CAF67-D92E-4A1D-92CA-7A67D69F5D31}.Release|x64.Build.0 = Release|Any CPU
		{A69CAF67-D92E-4A1D-92CA-7A67D69F5D31}.Release|x86.ActiveCfg = Release|Any CPU
		{A69CAF67-D92E-4A1D-92CA-7A67D69F5D31}.Release|x86.Build.0 = Release|Any CPU
	EndGlobalSection
	GlobalSection(SolutionProperties) = preSolution
		HideSolutionNode = FALSE
	EndGlobalSection
	GlobalSection(ExtensibilityGlobals) = postSolution
		SolutionGuid = {4558CDFC-01D3-4671-B310-52AFEAE0EB22}
	EndGlobalSection
EndGlobal
